
Microsoft Visual Studio Solution File, Format Version 12.00
# Visual Studio Version 17
VisualStudioVersion = 17.14.36301.6 d17.14
MinimumVisualStudioVersion = 10.0.40219.1
Project("{FAE04EC0-301F-11D3-BF4B-00C04F79EFBC}") = "bmiCalculator", "bmiCalculator\bmiCalculator.csproj", "{246283A9-6400-4815-AE98-AAF224B1A01A}"
EndProject
Global
	GlobalSection(SolutionConfigurationPlatforms) = preSolution
		Debug|Any CPU = Debug|Any CPU
		Release|Any CPU = Release|Any CPU
	EndGlobalSection
	GlobalSection(ProjectConfigurationPlatforms) = postSolution
		{246283A9-6400-4815-AE98-AAF224B1A01A}.Debug|Any CPU.ActiveCfg = Debug|Any CPU
		{246283A9-6400-4815-AE98-AAF224B1A01A}.Debug|Any CPU.Build.0 = Debug|Any CPU
		{246283A9-6400-4815-AE98-AAF224B1A01A}.Release|Any CPU.ActiveCfg = Release|Any CPU
		{246283A9-6400-4815-AE98-AAF224B1A01A}.Release|Any CPU.Build.0 = Release|Any CPU
	EndGlobalSection
	GlobalSection(SolutionProperties) = preSolution
		HideSolutionNode = FALSE
	EndGlobalSection
	GlobalSection(ExtensibilityGlobals) = postSolution
		SolutionGuid = {E5325F95-1FF1-469B-904D-C5D5CB577863}
	EndGlobalSection
EndGlobal
